{
  "name": "step-first",
  "version": "1.0.0",
  "lockfileVersion": 3,
  "requires": true,
  "packages": {
    "": {
      "name": "step-first",
      "version": "1.0.0",
      "license": "ISC",
      "workspaces": [
        "packages/blockchain",
        "packages/site"
      ]
    },
    "node_modules/blockchain": {
      "resolved": "packages/blockchain",
      "link": true
    },
    "node_modules/site": {
      "resolved": "packages/site",
      "link": true
    },
    "packages/blockchain": {
      "version": "1.0.0",
      "license": "ISC"
    },
    "packages/site": {
      "version": "1.0.0",
      "license": "ISC",
      "devDependencies": {}
    }
  }
}
