lockfileVersion: '9.0'

settings:
  autoInstallPeers: true
  excludeLinksFromLockfile: false

importers:

  .:
    dependencies:
      '@openzeppelin/contracts':
        specifier: ^5.0.2
        version: 5.0.2
      base64-sol:
        specifier: ^1.1.0
        version: 1.1.0

packages:

  '@openzeppelin/contracts@5.0.2':
    resolution: {integrity: sha512-ytPc6eLGcHHnapAZ9S+5qsdomhjo6QBHTDRRBFfTxXIpsicMhVPouPgmUPebZZZGX7vt9USA+Z+0M0dSVtSUEA==}

  base64-sol@1.1.0:
    resolution: {integrity: sha512-mksLxtFyBcXd3LYK5UxyMj29YR//zoaeXpJaKRbnLQC0E99oCJl7VpKaJDXWAuTvnhxBU9XNYzhxSL8umsrxWg==}

snapshots:

  '@openzeppelin/contracts@5.0.2': {}

  base64-sol@1.1.0: {}
